// !$*UTF8*$!
{
	archiveVersion = 1;
	classes = {
	};
	objectVersion = 46;
	objects = {

/* Begin PBXBuildFile section */
		672B6BEA19401D7E000D4467 /* SpaceShipScene.swift in Sources */ = {isa = PBXBuildFile; fileRef = 672B6BE919401D7E000D4467 /* SpaceShipScene.swift */; };
		6736F90B193EC43D0008CEA9 /* AppDelegate.swift in Sources */ = {isa = PBXBuildFile; fileRef = 6736F90A193EC43D0008CEA9 /* AppDelegate.swift */; };
		6736F90D193EC43D0008CEA9 /* ViewController.swift in Sources */ = {isa = PBXBuildFile; fileRef = 6736F90C193EC43D0008CEA9 /* ViewController.swift */; };
		6736F910193EC43D0008CEA9 /* Main.storyboard in Resources */ = {isa = PBXBuildFile; fileRef = 6736F90E193EC43D0008CEA9 /* Main.storyboard */; };
		6736F912193EC43D0008CEA9 /* Images.xcassets in Resources */ = {isa = PBXBuildFile; fileRef = 6736F911193EC43D0008CEA9 /* Images.xcassets */; };
		6736F91E193EC43D0008CEA9 /* SwiftShooterTests.swift in Sources */ = {isa = PBXBuildFile; fileRef = 6736F91D193EC43D0008CEA9 /* SwiftShooterTests.swift */; };
		6736F928193EC5270008CEA9 /* SpriteKit.framework in Frameworks */ = {isa = PBXBuildFile; fileRef = 6736F927193EC5270008CEA9 /* SpriteKit.framework */; };
		6736F92A193EC8630008CEA9 /* HelloScene.swift in Sources */ = {isa = PBXBuildFile; fileRef = 6736F929193EC8630008CEA9 /* HelloScene.swift */; };
/* End PBXBuildFile section */

/* Begin PBXContainerItemProxy section */
		6736F918193EC43D0008CEA9 /* PBXContainerItemProxy */ = {
			isa = PBXContainerItemProxy;
			containerPortal = 6736F8FD193EC43D0008CEA9 /* Project object */;
			proxyType = 1;
			remoteGlobalIDString = 6736F904193EC43D0008CEA9;
			remoteInfo = SwiftShooter;
		};
/* End PBXContainerItemProxy section */

/* Begin PBXFileReference section */
		672B6BE919401D7E000D4467 /* SpaceShipScene.swift */ = {isa = PBXFileReference; fileEncoding = 4; lastKnownFileType = sourcecode.swift; path = SpaceShipScene.swift; sourceTree = "<group>"; };
		6736F905193EC43D0008CEA9 /* SwiftShooter.app */ = {isa = PBXFileReference; explicitFileType = wrapper.application; includeInIndex = 0; path = SwiftShooter.app; sourceTree = BUILT_PRODUCTS_DIR; };
		6736F909193EC43D0008CEA9 /* Info.plist */ = {isa = PBXFileReference; lastKnownFileType = text.plist.xml; path = Info.plist; sourceTree = "<group>"; };
		6736F90A193EC43D0008CEA9 /* AppDelegate.swift */ = {isa = PBXFileReference; lastKnownFileType = sourcecode.swift; path = AppDelegate.swift; sourceTree = "<group>"; };
		6736F90C193EC43D0008CEA9 /* ViewController.swift */ = {isa = PBXFileReference; lastKnownFileType = sourcecode.swift; path = ViewController.swift; sourceTree = "<group>"; };
		6736F90F193EC43D0008CEA9 /* Base */ = {isa = PBXFileReference; lastKnownFileType = file.storyboard; name = Base; path = Base.lproj/Main.storyboard; sourceTree = "<group>"; };
		6736F911193EC43D0008CEA9 /* Images.xcassets */ = {isa = PBXFileReference; lastKnownFileType = folder.assetcatalog; path = Images.xcassets; sourceTree = "<group>"; };
		6736F917193EC43D0008CEA9 /* SwiftShooterTests.xctest */ = {isa = PBXFileReference; explicitFileType = wrapper.cfbundle; includeInIndex = 0; path = SwiftShooterTests.xctest; sourceTree = BUILT_PRODUCTS_DIR; };
		6736F91C193EC43D0008CEA9 /* Info.plist */ = {isa = PBXFileReference; lastKnownFileType = text.plist.xml; path = Info.plist; sourceTree = "<group>"; };
		6736F91D193EC43D0008CEA9 /* SwiftShooterTests.swift */ = {isa = PBXFileReference; lastKnownFileType = sourcecode.swift; path = SwiftShooterTests.swift; sourceTree = "<group>"; };
		6736F927193EC5270008CEA9 /* SpriteKit.framework */ = {isa = PBXFileReference; lastKnownFileType = wrapper.framework; name = SpriteKit.framework; path = System/Library/Frameworks/SpriteKit.framework; sourceTree = SDKROOT; };
		6736F929193EC8630008CEA9 /* HelloScene.swift */ = {isa = PBXFileReference; fileEncoding = 4; lastKnownFileType = sourcecode.swift; path = HelloScene.swift; sourceTree = "<group>"; };
/* End PBXFileReference section */

/* Begin PBXFrameworksBuildPhase section */
		6736F902193EC43D0008CEA9 /* Frameworks */ = {
			isa = PBXFrameworksBuildPhase;
			buildActionMask = 2147483647;
			files = (
				6736F928193EC5270008CEA9 /* SpriteKit.framework in Frameworks */,
			);
			runOnlyForDeploymentPostprocessing = 0;
		};
		6736F914193EC43D0008CEA9 /* Frameworks */ = {
			isa = PBXFrameworksBuildPhase;
			buildActionMask = 2147483647;
			files = (
			);
			runOnlyForDeploymentPostprocessing = 0;
		};
/* End PBXFrameworksBuildPhase section */

/* Begin PBXGroup section */
		6736F8FC193EC43D0008CEA9 = {
			isa = PBXGroup;
			children = (
				6736F927193EC5270008CEA9 /* SpriteKit.framework */,
				6736F907193EC43D0008CEA9 /* SwiftShooter */,
				6736F91A193EC43D0008CEA9 /* SwiftShooterTests */,
				6736F906193EC43D0008CEA9 /* Products */,
			);
			sourceTree = "<group>";
		};
		6736F906193EC43D0008CEA9 /* Products */ = {
			isa = PBXGroup;
			children = (
				6736F905193EC43D0008CEA9 /* SwiftShooter.app */,
				6736F917193EC43D0008CEA9 /* SwiftShooterTests.xctest */,
			);
			name = Products;
			sourceTree = "<group>";
		};
		6736F907193EC43D0008CEA9 /* SwiftShooter */ = {
			isa = PBXGroup;
			children = (
				6736F90A193EC43D0008CEA9 /* AppDelegate.swift */,
				6736F90C193EC43D0008CEA9 /* ViewController.swift */,
				672B6BE919401D7E000D4467 /* SpaceShipScene.swift */,
				6736F929193EC8630008CEA9 /* HelloScene.swift */,
				6736F90E193EC43D0008CEA9 /* Main.storyboard */,
				6736F911193EC43D0008CEA9 /* Images.xcassets */,
				6736F908193EC43D0008CEA9 /* Supporting Files */,
			);
			path = SwiftShooter;
			sourceTree = "<group>";
		};
		6736F908193EC43D0008CEA9 /* Supporting Files */ = {
			isa = PBXGroup;
			children = (
				6736F909193EC43D0008CEA9 /* Info.plist */,
			);
			name = "Supporting Files";
			sourceTree = "<group>";
		};
		6736F91A193EC43D0008CEA9 /* SwiftShooterTests */ = {
			isa = PBXGroup;
			children = (
				6736F91D193EC43D0008CEA9 /* SwiftShooterTests.swift */,
				6736F91B193EC43D0008CEA9 /* Supporting Files */,
			);
			path = SwiftShooterTests;
			sourceTree = "<group>";
		};
		6736F91B193EC43D0008CEA9 /* Supporting Files */ = {
			isa = PBXGroup;
			children = (
				6736F91C193EC43D0008CEA9 /* Info.plist */,
			);
			name = "Supporting Files";
			sourceTree = "<group>";
		};
/* End PBXGroup section */

/* Begin PBXNativeTarget section */
		6736F904193EC43D0008CEA9 /* SwiftShooter */ = {
			isa = PBXNativeTarget;
			buildConfigurationList = 6736F921193EC43D0008CEA9 /* Build configuration list for PBXNativeTarget "SwiftShooter" */;
			buildPhases = (
				6736F901193EC43D0008CEA9 /* Sources */,
				6736F902193EC43D0008CEA9 /* Frameworks */,
				6736F903193EC43D0008CEA9 /* Resources */,
			);
			buildRules = (
			);
			dependencies = (
			);
			name = SwiftShooter;
			productName = SwiftShooter;
			productReference = 6736F905193EC43D0008CEA9 /* SwiftShooter.app */;
			productType = "com.apple.product-type.application";
		};
		6736F916193EC43D0008CEA9 /* SwiftShooterTests */ = {
			isa = PBXNativeTarget;
			buildConfigurationList = 6736F924193EC43D0008CEA9 /* Build configuration list for PBXNativeTarget "SwiftShooterTests" */;
			buildPhases = (
				6736F913193EC43D0008CEA9 /* Sources */,
				6736F914193EC43D0008CEA9 /* Frameworks */,
				6736F915193EC43D0008CEA9 /* Resources */,
			);
			buildRules = (
			);
			dependencies = (
				6736F919193EC43D0008CEA9 /* PBXTargetDependency */,
			);
			name = SwiftShooterTests;
			productName = SwiftShooterTests;
			productReference = 6736F917193EC43D0008CEA9 /* SwiftShooterTests.xctest */;
			productType = "com.apple.product-type.bundle.unit-test";
		};
/* End PBXNativeTarget section */

/* Begin PBXProject section */
		6736F8FD193EC43D0008CEA9 /* Project object */ = {
			isa = PBXProject;
			attributes = {
				LastUpgradeCheck = 0600;
				ORGANIZATIONNAME = "Travis Elnicky";
				TargetAttributes = {
					6736F904193EC43D0008CEA9 = {
						CreatedOnToolsVersion = 6.0;
					};
					6736F916193EC43D0008CEA9 = {
						CreatedOnToolsVersion = 6.0;
						TestTargetID = 6736F904193EC43D0008CEA9;
					};
				};
			};
			buildConfigurationList = 6736F900193EC43D0008CEA9 /* Build configuration list for PBXProject "SwiftShooter" */;
			compatibilityVersion = "Xcode 3.2";
			developmentRegion = English;
			hasScannedForEncodings = 0;
			knownRegions = (
				en,
				Base,
			);
			mainGroup = 6736F8FC193EC43D0008CEA9;
			productRefGroup = 6736F906193EC43D0008CEA9 /* Products */;
			projectDirPath = "";
			projectRoot = "";
			targets = (
				6736F904193EC43D0008CEA9 /* SwiftShooter */,
				6736F916193EC43D0008CEA9 /* SwiftShooterTests */,
			);
		};
/* End PBXProject section */

/* Begin PBXResourcesBuildPhase section */
		6736F903193EC43D0008CEA9 /* Resources */ = {
			isa = PBXResourcesBuildPhase;
			buildActionMask = 2147483647;
			files = (
				6736F910193EC43D0008CEA9 /* Main.storyboard in Resources */,
				6736F912193EC43D0008CEA9 /* Images.xcassets in Resources */,
			);
			runOnlyForDeploymentPostprocessing = 0;
		};
		6736F915193EC43D0008CEA9 /* Resources */ = {
			isa = PBXResourcesBuildPhase;
			buildActionMask = 2147483647;
			files = (
			);
			runOnlyForDeploymentPostprocessing = 0;
		};
/* End PBXResourcesBuildPhase section */

/* Begin PBXSourcesBuildPhase section */
		6736F901193EC43D0008CEA9 /* Sources */ = {
			isa = PBXSourcesBuildPhase;
			buildActionMask = 2147483647;
			files = (
				6736F92A193EC8630008CEA9 /* HelloScene.swift in Sources */,
				672B6BEA19401D7E000D4467 /* SpaceShipScene.swift in Sources */,
				6736F90D193EC43D0008CEA9 /* ViewController.swift in Sources */,
				6736F90B193EC43D0008CEA9 /* AppDelegate.swift in Sources */,
			);
			runOnlyForDeploymentPostprocessing = 0;
		};
		6736F913193EC43D0008CEA9 /* Sources */ = {
			isa = PBXSourcesBuildPhase;
			buildActionMask = 2147483647;
			files = (
				6736F91E193EC43D0008CEA9 /* SwiftShooterTests.swift in Sources */,
			);
			runOnlyForDeploymentPostprocessing = 0;
		};
/* End PBXSourcesBuildPhase section */

/* Begin PBXTargetDependency section */
		6736F919193EC43D0008CEA9 /* PBXTargetDependency */ = {
			isa = PBXTargetDependency;
			target = 6736F904193EC43D0008CEA9 /* SwiftShooter */;
			targetProxy = 6736F918193EC43D0008CEA9 /* PBXContainerItemProxy */;
		};
/* End PBXTargetDependency section */

/* Begin PBXVariantGroup section */
		6736F90E193EC43D0008CEA9 /* Main.storyboard */ = {
			isa = PBXVariantGroup;
			children = (
				6736F90F193EC43D0008CEA9 /* Base */,
			);
			name = Main.storyboard;
			sourceTree = "<group>";
		};
/* End PBXVariantGroup section */

/* Begin XCBuildConfiguration section */
		6736F91F193EC43D0008CEA9 /* Debug */ = {
			isa = XCBuildConfiguration;
			buildSettings = {
				ALWAYS_SEARCH_USER_PATHS = NO;
				CLANG_CXX_LANGUAGE_STANDARD = "gnu++0x";
				CLANG_CXX_LIBRARY = "libc++";
				CLANG_ENABLE_MODULES = YES;
				CLANG_ENABLE_OBJC_ARC = YES;
				CLANG_WARN_BOOL_CONVERSION = YES;
				CLANG_WARN_CONSTANT_CONVERSION = YES;
				CLANG_WARN_DIRECT_OBJC_ISA_USAGE = YES_ERROR;
				CLANG_WARN_EMPTY_BODY = YES;
				CLANG_WARN_ENUM_CONVERSION = YES;
				CLANG_WARN_INT_CONVERSION = YES;
				CLANG_WARN_OBJC_ROOT_CLASS = YES_ERROR;
				CLANG_WARN_UNREACHABLE_CODE = YES;
				CLANG_WARN__DUPLICATE_METHOD_MATCH = YES;
				"CODE_SIGN_IDENTITY[sdk=iphoneos*]" = "iPhone Developer";
				COPY_PHASE_STRIP = NO;
				ENABLE_STRICT_OBJC_MSGSEND = YES;
				GCC_C_LANGUAGE_STANDARD = gnu99;
				GCC_DYNAMIC_NO_PIC = NO;
				GCC_OPTIMIZATION_LEVEL = 0;
				GCC_PREPROCESSOR_DEFINITIONS = (
					"DEBUG=1",
					"$(inherited)",
				);
				GCC_SYMBOLS_PRIVATE_EXTERN = NO;
				GCC_WARN_64_TO_32_BIT_CONVERSION = YES;
				GCC_WARN_ABOUT_RETURN_TYPE = YES_ERROR;
				GCC_WARN_UNDECLARED_SELECTOR = YES;
				GCC_WARN_UNINITIALIZED_AUTOS = YES_AGGRESSIVE;
				GCC_WARN_UNUSED_FUNCTION = YES;
				GCC_WARN_UNUSED_VARIABLE = YES;
				IPHONEOS_DEPLOYMENT_TARGET = 8.0;
				METAL_ENABLE_DEBUG_INFO = YES;
				ONLY_ACTIVE_ARCH = YES;
				SDKROOT = iphoneos;
				SWIFT_OPTIMIZATION_LEVEL = "-Onone";
				TARGETED_DEVICE_FAMILY = "1,2";
			};
			name = Debug;
		};
		6736F920193EC43D0008CEA9 /* Release */ = {
			isa = XCBuildConfiguration;
			buildSettings = {
				ALWAYS_SEARCH_USER_PATHS = NO;
				CLANG_CXX_LANGUAGE_STANDARD = "gnu++0x";
				CLANG_CXX_LIBRARY = "libc++";
				CLANG_ENABLE_MODULES = YES;
				CLANG_ENABLE_OBJC_ARC = YES;
				CLANG_WARN_BOOL_CONVERSION = YES;
				CLANG_WARN_CONSTANT_CONVERSION = YES;
				CLANG_WARN_DIRECT_OBJC_ISA_USAGE = YES_ERROR;
				CLANG_WARN_EMPTY_BODY = YES;
				CLANG_WARN_ENUM_CONVERSION = YES;
				CLANG_WARN_INT_CONVERSION = YES;
				CLANG_WARN_OBJC_ROOT_CLASS = YES_ERROR;
				CLANG_WARN_UNREACHABLE_CODE = YES;
				CLANG_WARN__DUPLICATE_METHOD_MATCH = YES;
				"CODE_SIGN_IDENTITY[sdk=iphoneos*]" = "iPhone Developer";
				COPY_PHASE_STRIP = YES;
				ENABLE_NS_ASSERTIONS = NO;
				ENABLE_STRICT_OBJC_MSGSEND = YES;
				GCC_C_LANGUAGE_STANDARD = gnu99;
				GCC_WARN_64_TO_32_BIT_CONVERSION = YES;
				GCC_WARN_ABOUT_RETURN_TYPE = YES_ERROR;
				GCC_WARN_UNDECLARED_SELECTOR = YES;
				GCC_WARN_UNINITIALIZED_AUTOS = YES_AGGRESSIVE;
				GCC_WARN_UNUSED_FUNCTION = YES;
				GCC_WARN_UNUSED_VARIABLE = YES;
				IPHONEOS_DEPLOYMENT_TARGET = 8.0;
				METAL_ENABLE_DEBUG_INFO = NO;
				SDKROOT = iphoneos;
				TARGETED_DEVICE_FAMILY = "1,2";
				VALIDATE_PRODUCT = YES;
			};
			name = Release;
		};
		6736F922193EC43D0008CEA9 /* Debug */ = {
			isa = XCBuildConfiguration;
			buildSettings = {
				ASSETCATALOG_COMPILER_APPICON_NAME = AppIcon;
				ASSETCATALOG_COMPILER_LAUNCHIMAGE_NAME = LaunchImage;
				INFOPLIST_FILE = SwiftShooter/Info.plist;
				LD_RUNPATH_SEARCH_PATHS = "$(inherited) @executable_path/Frameworks";
				PRODUCT_NAME = "$(TARGET_NAME)";
			};
			name = Debug;
		};
		6736F923193EC43D0008CEA9 /* Release */ = {
			isa = XCBuildConfiguration;
			buildSettings = {
				ASSETCATALOG_COMPILER_APPICON_NAME = AppIcon;
				ASSETCATALOG_COMPILER_LAUNCHIMAGE_NAME = LaunchImage;
				INFOPLIST_FILE = SwiftShooter/Info.plist;
				LD_RUNPATH_SEARCH_PATHS = "$(inherited) @executable_path/Frameworks";
				PRODUCT_NAME = "$(TARGET_NAME)";
			};
			name = Release;
		};
		6736F925193EC43D0008CEA9 /* Debug */ = {
			isa = XCBuildConfiguration;
			buildSettings = {
				BUNDLE_LOADER = "$(BUILT_PRODUCTS_DIR)/SwiftShooter.app/SwiftShooter";
				FRAMEWORK_SEARCH_PATHS = (
					"$(SDKROOT)/Developer/Library/Frameworks",
					"$(inherited)",
				);
				GCC_PREPROCESSOR_DEFINITIONS = (
					"DEBUG=1",
					"$(inherited)",
				);
				INFOPLIST_FILE = SwiftShooterTests/Info.plist;
				LD_RUNPATH_SEARCH_PATHS = "$(inherited) @executable_path/Frameworks @loader_path/Frameworks";
				METAL_ENABLE_DEBUG_INFO = YES;
				PRODUCT_NAME = "$(TARGET_NAME)";
				TEST_HOST = "$(BUNDLE_LOADER)";
			};
			name = Debug;
		};
		6736F926193EC43D0008CEA9 /* Release */ = {
			isa = XCBuildConfiguration;
			buildSettings = {
				BUNDLE_LOADER = "$(BUILT_PRODUCTS_DIR)/SwiftShooter.app/SwiftShooter";
				FRAMEWORK_SEARCH_PATHS = (
					"$(SDKROOT)/Developer/Library/Frameworks",
					"$(inherited)",
				);
				INFOPLIST_FILE = SwiftShooterTests/Info.plist;
				LD_RUNPATH_SEARCH_PATHS = "$(inherited) @executable_path/Frameworks @loader_path/Frameworks";
				METAL_ENABLE_DEBUG_INFO = NO;
				PRODUCT_NAME = "$(TARGET_NAME)";
				TEST_HOST = "$(BUNDLE_LOADER)";
			};
			name = Release;
		};
/* End XCBuildConfiguration section */

/* Begin XCConfigurationList section */
		6736F900193EC43D0008CEA9 /* Build configuration list for PBXProject "SwiftShooter" */ = {
			isa = XCConfigurationList;
			buildConfigurations = (
				6736F91F193EC43D0008CEA9 /* Debug */,
				6736F920193EC43D0008CEA9 /* Release */,
			);
			defaultConfigurationIsVisible = 0;
			defaultConfigurationName = Release;
		};
		6736F921193EC43D0008CEA9 /* Build configuration list for PBXNativeTarget "SwiftShooter" */ = {
			isa = XCConfigurationList;
			buildConfigurations = (
				6736F922193EC43D0008CEA9 /* Debug */,
				6736F923193EC43D0008CEA9 /* Release */,
			);
			defaultConfigurationIsVisible = 0;
			defaultConfigurationName = Release;
		};
		6736F924193EC43D0008CEA9 /* Build configuration list for PBXNativeTarget "SwiftShooterTests" */ = {
			isa = XCConfigurationList;
			buildConfigurations = (
				6736F925193EC43D0008CEA9 /* Debug */,
				6736F926193EC43D0008CEA9 /* Release */,
			);
			defaultConfigurationIsVisible = 0;
			defaultConfigurationName = Release;
		};
/* End XCConfigurationList section */
	};
	rootObject = 6736F8FD193EC43D0008CEA9 /* Project object */;
}
